
Microsoft Visual Studio Solution File, Format Version 12.00
# Visual Studio Version 16
VisualStudioVersion = 25.0.1704.2
MinimumVisualStudioVersion = 10.0.40219.1
Project("{FAE04EC0-301F-11D3-BF4B-00C04F79EFBC}") = "KalanchoeAI-Backend", "KalanchoeAI-Backend.csproj", "{FFBE0EC6-8BB5-4669-9549-DCF3A502000B}"
EndProject
Global
	GlobalSection(SolutionConfigurationPlatforms) = preSolution
		Debug|Any CPU = Debug|Any CPU
		Release|Any CPU = Release|Any CPU
	EndGlobalSection
	GlobalSection(ProjectConfigurationPlatforms) = postSolution
		{FFBE0EC6-8BB5-4669-9549-DCF3A502000B}.Debug|Any CPU.ActiveCfg = Debug|Any CPU
		{FFBE0EC6-8BB5-4669-9549-DCF3A502000B}.Debug|Any CPU.Build.0 = Debug|Any CPU
		{FFBE0EC6-8BB5-4669-9549-DCF3A502000B}.Release|Any CPU.ActiveCfg = Release|Any CPU
		{FFBE0EC6-8BB5-4669-9549-DCF3A502000B}.Release|Any CPU.Build.0 = Release|Any CPU
	EndGlobalSection
	GlobalSection(SolutionProperties) = preSolution
		HideSolutionNode = FALSE
	EndGlobalSection
	GlobalSection(ExtensibilityGlobals) = postSolution
		SolutionGuid = {1F1731FB-1FC5-48CA-85E8-BF90CC1F864F}
	EndGlobalSection
EndGlobal
